{
  "name": "cdk-tagging-aspects",
  "version": "0.0.0",
  "lockfileVersion": 3,
  "requires": true,
  "packages": {
    "": {
      "name": "cdk-tagging-aspects",
      "version": "0.0.0",
      "devDependencies": {
        "projen": "^0.99.63",
        "ts-node": "^10.9.2",
        "typescript": "^6.0.3"
      }
    },
    "node_modules/@cspotcode/source-map-support": {
      "version": "0.8.1",
      "resolved": "https://registry.npmjs.org/@cspotcode/source-map-support/-/source-map-support-0.8.1.tgz",
      "integrity": "sha512-IchNf6dN4tHoMFIn/7OE8LWZ19Y6q/67Bmf6vnGREv8RSbBVb9LPJxEcnwrcwX6ixSvaiGoomAUvu4YSxXrVgw==",
      "dev": true,
      "license": "MIT",
      "dependencies": {
        "@jridgewell/trace-mapping": "0.3.9"
      },
      "engines": {
        "node": ">=12"
      }
    },
    "node_modules/@jridgewell/resolve-uri": {
      "version": "3.1.2",
      "resolved": "https://registry.npmjs.org/@jridgewell/resolve-uri/-/resolve-uri-3.1.2.tgz",
      "integrity": "sha512-bRISgCIjP20/tbWSPWMEi54QVPRZExkuD9lJL+UIxUKtwVJA8wW1Trb1jMs1RFXo1CBTNZ/5hpC9QvmKWdopKw==",
      "dev": true,
      "license": "MIT",
      "engines": {
        "node": ">=6.0.0"
      }
    },
    "node_modules/@jridgewell/sourcemap-codec": {
      "version": "1.5.5",
      "resolved": "https://registry.npmjs.org/@jridgewell/sourcemap-codec/-/sourcemap-codec-1.5.5.tgz",
      "integrity": "sha512-cYQ9310grqxueWbl+WuIUIaiUaDcj7WOq5fVhEljNVgRfOUhY9fy2zTvfoqWsnebh8Sl70VScFbICvJnLKB0Og==",
      "dev": true,
      "license": "MIT"
    },
    "node_modules/@jridgewell/trace-mapping": {
      "version": "0.3.9",
      "resolved": "https://registry.npmjs.org/@jridgewell/trace-mapping/-/trace-mapping-0.3.9.tgz",
      "integrity": "sha512-3Belt6tdc8bPgAtbcmdtNJlirVoTmEb5e2gC94PnkwEW9jI6CAHUeoG85tjWP5WquqfavoMtMwiG4P926ZKKuQ==",
      "dev": true,
      "license": "MIT",
      "dependencies": {
        "@jridgewell/resolve-uri": "^3.0.3",
        "@jridgewell/sourcemap-codec": "^1.4.10"
      }
    },
    "node_modules/@tsconfig/node10": {
      "version": "1.0.12",
      "resolved": "https://registry.npmjs.org/@tsconfig/node10/-/node10-1.0.12.tgz",
      "integrity": "sha512-UCYBaeFvM11aU2y3YPZ//O5Rhj+xKyzy7mvcIoAjASbigy8mHMryP5cK7dgjlz2hWxh1g5pLw084E0a/wlUSFQ==",
      "dev": true,
      "license": "MIT"
    },
    "node_modules/@tsconfig/node12": {
      "version": "1.0.11",
      "resolved": "https://registry.npmjs.org/@tsconfig/node12/-/node12-1.0.11.tgz",
      "integrity": "sha512-cqefuRsh12pWyGsIoBKJA9luFu3mRxCA+ORZvA4ktLSzIuCUtWVxGIuXigEwO5/ywWFMZ2QEGKWvkZG1zDMTag==",
      "dev": true,
      "license": "MIT"
    },
    "node_modules/@tsconfig/node14": {
      "version": "1.0.3",
      "resolved": "https://registry.npmjs.org/@tsconfig/node14/-/node14-1.0.3.tgz",
      "integrity": "sha512-ysT8mhdixWK6Hw3i1V2AeRqZ5WfXg1G43mqoYlM2nc6388Fq5jcXyr5mRsqViLx/GJYdoL0bfXD8nmF+Zn/Iow==",
      "dev": true,
      "license": "MIT"
    },
    "node_modules/@tsconfig/node16": {
      "version": "1.0.4",
      "resolved": "https://registry.npmjs.org/@tsconfig/node16/-/node16-1.0.4.tgz",
      "integrity": "sha512-vxhUy4J8lyeyinH7Azl1pdd43GJhZH/tP2weN8TntQblOY+A0XbT8DJk1/oCPuOOyg/Ja757rG0CgHcWC8OfMA==",
      "dev": true,
      "license": "MIT"
    },
    "node_modules/acorn": {
      "version": "8.16.0",
      "resolved": "https://registry.npmjs.org/acorn/-/acorn-8.16.0.tgz",
      "integrity": "sha512-UVJyE9MttOsBQIDKw1skb9nAwQuR5wuGD3+82K6JgJlm/Y+KI92oNsMNGZCYdDsVtRHSak0pcV5Dno5+4jh9sw==",
      "dev": true,
      "license": "MIT",
      "bin": {
        "acorn": "bin/acorn"
      },
      "engines": {
        "node": ">=0.4.0"
      }
    },
    "node_modules/acorn-walk": {
      "version": "8.3.5",
      "resolved": "https://registry.npmjs.org/acorn-walk/-/acorn-walk-8.3.5.tgz",
      "integrity": "sha512-HEHNfbars9v4pgpW6SO1KSPkfoS0xVOM/9UzkJltjlsHZmJasxg8aXkuZa7SMf8vKGIBhpUsPluQSqhJFCqebw==",
      "dev": true,
      "license": "MIT",
      "dependencies": {
        "acorn": "^8.11.0"
      },
      "engines": {
        "node": ">=0.4.0"
      }
    },
    "node_modules/arg": {
      "version": "4.1.3",
      "resolved": "https://registry.npmjs.org/arg/-/arg-4.1.3.tgz",
      "integrity": "sha512-58S9QDqG0Xx27YwPSt9fJxivjYl432YCwfDMfZ+71RAqUrZef7LrKQZ3LHLOwCS4FLNBplP533Zx895SeOCHvA==",
      "dev": true,
      "license": "MIT"
    },
    "node_modules/constructs": {
      "version": "10.6.0",
      "resolved": "https://registry.npmjs.org/constructs/-/constructs-10.6.0.tgz",
      "integrity": "sha512-TxHOnBO5zMo/G76ykzGF/wMpEHu257TbWiIxP9K0Yv/+t70UzgBQiTqjkAsWOPC6jW91DzJI0+ehQV6xDRNBuQ==",
      "dev": true,
      "license": "Apache-2.0"
    },
    "node_modules/create-require": {
      "version": "1.1.1",
      "resolved": "https://registry.npmjs.org/create-require/-/create-require-1.1.1.tgz",
      "integrity": "sha512-dcKFX3jn0MpIaXjisoRvexIJVEKzaq7z2rZKxf+MSr9TkdmHmsU4m2lcLojrj/FHl8mk5VxMmYA+ftRkP/3oKQ==",
      "dev": true,
      "license": "MIT"
    },
    "node_modules/diff": {
      "version": "4.0.4",
      "resolved": "https://registry.npmjs.org/diff/-/diff-4.0.4.tgz",
      "integrity": "sha512-X07nttJQkwkfKfvTPG/KSnE2OMdcUCao6+eXF3wmnIQRn2aPAHH3VxDbDOdegkd6JbPsXqShpvEOHfAT+nCNwQ==",
      "dev": true,
      "license": "BSD-3-Clause",
      "engines": {
        "node": ">=0.3.1"
      }
    },
    "node_modules/make-error": {
      "version": "1.3.6",
      "resolved": "https://registry.npmjs.org/make-error/-/make-error-1.3.6.tgz",
      "integrity": "sha512-s8UhlNe7vPKomQhC1qFelMokr/Sc3AgNbso3n74mVPA5LTZwkB9NlXf4XPamLxJE8h0gh73rM94xvwRT2CVInw==",
      "dev": true,
      "license": "ISC"
    },
    "node_modules/projen": {
      "version": "0.99.63",
      "resolved": "https://registry.npmjs.org/projen/-/projen-0.99.63.tgz",
      "integrity": "sha512-CHM4zSRAS/zBVmdaF3AMiVJZbmQ5yjSs9bnrHkxx+mNXToh7QAeBIEsZXgdBT7bNnV6YOkNfGhbz39p7pmxQYg==",
      "bundleDependencies": [
        "@iarna/toml",
        "case",
        "chalk",
        "comment-json",
        "conventional-changelog-config-spec",
        "fast-glob",
        "fast-json-patch",
        "ini",
        "parse-conflict-json",
        "semver",
        "shx",
        "xmlbuilder2",
        "yaml",
        "yargs"
      ],
      "dev": true,
      "license": "Apache-2.0",
      "dependencies": {
        "@iarna/toml": "^2.2.5",
        "case": "^1.6.3",
        "chalk": "^4.1.2",
        "comment-json": "4.2.2",
        "constructs": "^10.0.0",
        "conventional-changelog-config-spec": "^2.1.0",
        "fast-glob": "^3.3.3",
        "fast-json-patch": "^3.1.1",
        "ini": "^2.0.0",
        "parse-conflict-json": "^4.0.0",
        "semver": "^7.8.0",
        "shx": "^0.4.0",
        "xmlbuilder2": "^4.0.3",
        "yaml": "^2.2.2",
        "yargs": "^17.7.2"
      },
      "bin": {
        "projen": "bin/projen"
      },
      "engines": {
        "node": ">= 16.0.0"
      },
      "peerDependencies": {
        "constructs": "^10.0.0"
      }
    },
    "node_modules/projen/node_modules/@iarna/toml": {
      "version": "2.2.5",
      "dev": true,
      "inBundle": true,
      "license": "ISC"
    },
    "node_modules/projen/node_modules/@nodelib/fs.scandir": {
      "version": "2.1.5",
      "dev": true,
      "inBundle": true,
      "license": "MIT",
      "dependencies": {
        "@nodelib/fs.stat": "2.0.5",
        "run-parallel": "^1.1.9"
      },
      "engines": {
        "node": ">= 8"
      }
    },
    "node_modules/projen/node_modules/@nodelib/fs.stat": {
      "version": "2.0.5",
      "dev": true,
      "inBundle": true,
      "license": "MIT",
      "engines": {
        "node": ">= 8"
      }
    },
    "node_modules/projen/node_modules/@nodelib/fs.walk": {
      "version": "1.2.8",
      "dev": true,
      "inBundle": true,
      "license": "MIT",
      "dependencies": {
        "@nodelib/fs.scandir": "2.1.5",
        "fastq": "^1.6.0"
      },
      "engines": {
        "node": ">= 8"
      }
    },
    "node_modules/projen/node_modules/@oozcitak/dom": {
      "version": "2.0.2",
      "dev": true,
      "inBundle": true,
      "license": "MIT",
      "dependencies": {
        "@oozcitak/infra": "^2.0.2",
        "@oozcitak/url": "^3.0.0",
        "@oozcitak/util": "^10.0.0"
      },
      "engines": {
        "node": ">=20.0"
      }
    },
    "node_modules/projen/node_modules/@oozcitak/infra": {
      "version": "2.0.2",
      "dev": true,
      "inBundle": true,
      "license": "MIT",
      "dependencies": {
        "@oozcitak/util": "^10.0.0"
      },
      "engines": {
        "node": ">=20.0"
      }
    },
    "node_modules/projen/node_modules/@oozcitak/url": {
      "version": "3.0.0",
      "dev": true,
      "inBundle": true,
      "license": "MIT",
      "dependencies": {
        "@oozcitak/infra": "^2.0.2",
        "@oozcitak/util": "^10.0.0"
      },
      "engines": {
        "node": ">=20.0"
      }
    },
    "node_modules/projen/node_modules/@oozcitak/util": {
      "version": "10.0.0",
      "dev": true,
      "inBundle": true,
      "license": "MIT",
      "engines": {
        "node": ">=20.0"
      }
    },
    "node_modules/projen/node_modules/ansi-regex": {
      "version": "5.0.1",
      "dev": true,
      "inBundle": true,
      "license": "MIT",
      "engines": {
        "node": ">=8"
      }
    },
    "node_modules/projen/node_modules/ansi-styles": {
      "version": "4.3.0",
      "dev": true,
      "inBundle": true,
      "license": "MIT",
      "dependencies": {
        "color-convert": "^2.0.1"
      },
      "engines": {
        "node": ">=8"
      },
      "funding": {
        "url": "https://github.com/chalk/ansi-styles?sponsor=1"
      }
    },
    "node_modules/projen/node_modules/argparse": {
      "version": "2.0.1",
      "dev": true,
      "inBundle": true,
      "license": "Python-2.0"
    },
    "node_modules/projen/node_modules/array-timsort": {
      "version": "1.0.3",
      "dev": true,
      "inBundle": true,
      "license": "MIT"
    },
    "node_modules/projen/node_modules/braces": {
      "version": "3.0.3",
      "dev": true,
      "inBundle": true,
      "license": "MIT",
      "dependencies": {
        "fill-range": "^7.1.1"
      },
      "engines": {
        "node": ">=8"
      }
    },
    "node_modules/projen/node_modules/case": {
      "version": "1.6.3",
      "dev": true,
      "inBundle": true,
      "license": "(MIT OR GPL-3.0-or-later)",
      "engines": {
        "node": ">= 0.8.0"
      }
    },
    "node_modules/projen/node_modules/chalk": {
      "version": "4.1.2",
      "dev": true,
      "inBundle": true,
      "license": "MIT",
      "dependencies": {
        "ansi-styles": "^4.1.0",
        "supports-color": "^7.1.0"
      },
      "engines": {
        "node": ">=10"
      },
      "funding": {
        "url": "https://github.com/chalk/chalk?sponsor=1"
      }
    },
    "node_modules/projen/node_modules/cliui": {
      "version": "8.0.1",
      "dev": true,
      "inBundle": true,
      "license": "ISC",
      "dependencies": {
        "string-width": "^4.2.0",
        "strip-ansi": "^6.0.1",
        "wrap-ansi": "^7.0.0"
      },
      "engines": {
        "node": ">=12"
      }
    },
    "node_modules/projen/node_modules/color-convert": {
      "version": "2.0.1",
      "dev": true,
      "inBundle": true,
      "license": "MIT",
      "dependencies": {
        "color-name": "~1.1.4"
      },
      "engines": {
        "node": ">=7.0.0"
      }
    },
    "node_modules/projen/node_modules/color-name": {
      "version": "1.1.4",
      "dev": true,
      "inBundle": true,
      "license": "MIT"
    },
    "node_modules/projen/node_modules/comment-json": {
      "version": "4.2.2",
      "dev": true,
      "inBundle": true,
      "license": "MIT",
      "dependencies": {
        "array-timsort": "^1.0.3",
        "core-util-is": "^1.0.3",
        "esprima": "^4.0.1",
        "has-own-prop": "^2.0.0",
        "repeat-string": "^1.6.1"
      },
      "engines": {
        "node": ">= 6"
      }
    },
    "node_modules/projen/node_modules/conventional-changelog-config-spec": {
      "version": "2.1.0",
      "dev": true,
      "inBundle": true,
      "license": "MIT"
    },
    "node_modules/projen/node_modules/core-util-is": {
      "version": "1.0.3",
      "dev": true,
      "inBundle": true,
      "license": "MIT"
    },
    "node_modules/projen/node_modules/emoji-regex": {
      "version": "8.0.0",
      "dev": true,
      "inBundle": true,
      "license": "MIT"
    },
    "node_modules/projen/node_modules/end-of-stream": {
      "version": "1.4.5",
      "dev": true,
      "inBundle": true,
      "license": "MIT",
      "dependencies": {
        "once": "^1.4.0"
      }
    },
    "node_modules/projen/node_modules/escalade": {
      "version": "3.2.0",
      "dev": true,
      "inBundle": true,
      "license": "MIT",
      "engines": {
        "node": ">=6"
      }
    },
    "node_modules/projen/node_modules/esprima": {
      "version": "4.0.1",
      "dev": true,
      "inBundle": true,
      "license": "BSD-2-Clause",
      "bin": {
        "esparse": "bin/esparse.js",
        "esvalidate": "bin/esvalidate.js"
      },
      "engines": {
        "node": ">=4"
      }
    },
    "node_modules/projen/node_modules/fast-glob": {
      "version": "3.3.3",
      "dev": true,
      "inBundle": true,
      "license": "MIT",
      "dependencies": {
        "@nodelib/fs.stat": "^2.0.2",
        "@nodelib/fs.walk": "^1.2.3",
        "glob-parent": "^5.1.2",
        "merge2": "^1.3.0",
        "micromatch": "^4.0.8"
      },
      "engines": {
        "node": ">=8.6.0"
      }
    },
    "node_modules/projen/node_modules/fast-glob/node_modules/glob-parent": {
      "version": "5.1.2",
      "dev": true,
      "inBundle": true,
      "license": "ISC",
      "dependencies": {
        "is-glob": "^4.0.1"
      },
      "engines": {
        "node": ">= 6"
      }
    },
    "node_modules/projen/node_modules/fast-json-patch": {
      "version": "3.1.1",
      "dev": true,
      "inBundle": true,
      "license": "MIT"
    },
    "node_modules/projen/node_modules/fastq": {
      "version": "1.19.1",
      "dev": true,
      "inBundle": true,
      "license": "ISC",
      "dependencies": {
        "reusify": "^1.0.4"
      }
    },
    "node_modules/projen/node_modules/fill-range": {
      "version": "7.1.1",
      "dev": true,
      "inBundle": true,
      "license": "MIT",
      "dependencies": {
        "to-regex-range": "^5.0.1"
      },
      "engines": {
        "node": ">=8"
      }
    },
    "node_modules/projen/node_modules/function-bind": {
      "version": "1.1.2",
      "dev": true,
      "inBundle": true,
      "license": "MIT",
      "funding": {
        "url": "https://github.com/sponsors/ljharb"
      }
    },
    "node_modules/projen/node_modules/get-caller-file": {
      "version": "2.0.5",
      "dev": true,
      "inBundle": true,
      "license": "ISC",
      "engines": {
        "node": "6.* || 8.* || >= 10.*"
      }
    },
    "node_modules/projen/node_modules/has-flag": {
      "version": "4.0.0",
      "dev": true,
      "inBundle": true,
      "license": "MIT",
      "engines": {
        "node": ">=8"
      }
    },
    "node_modules/projen/node_modules/has-own-prop": {
      "version": "2.0.0",
      "dev": true,
      "inBundle": true,
      "license": "MIT",
      "engines": {
        "node": ">=8"
      }
    },
    "node_modules/projen/node_modules/hasown": {
      "version": "2.0.2",
      "dev": true,
      "inBundle": true,
      "license": "MIT",
      "dependencies": {
        "function-bind": "^1.1.2"
      },
      "engines": {
        "node": ">= 0.4"
      }
    },
    "node_modules/projen/node_modules/ini": {
      "version": "2.0.0",
      "dev": true,
      "inBundle": true,
      "license": "ISC",
      "engines": {
        "node": ">=10"
      }
    },
    "node_modules/projen/node_modules/interpret": {
      "version": "1.4.0",
      "dev": true,
      "inBundle": true,
      "license": "MIT",
      "engines": {
        "node": ">= 0.10"
      }
    },
    "node_modules/projen/node_modules/is-core-module": {
      "version": "2.16.1",
      "dev": true,
      "inBundle": true,
      "license": "MIT",
      "dependencies": {
        "hasown": "^2.0.2"
      },
      "engines": {
        "node": ">= 0.4"
      },
      "funding": {
        "url": "https://github.com/sponsors/ljharb"
      }
    },
    "node_modules/projen/node_modules/is-extglob": {
      "version": "2.1.1",
      "dev": true,
      "inBundle": true,
      "license": "MIT",
      "engines": {
        "node": ">=0.10.0"
      }
    },
    "node_modules/projen/node_modules/is-fullwidth-code-point": {
      "version": "3.0.0",
      "dev": true,
      "inBundle": true,
      "license": "MIT",
      "engines": {
        "node": ">=8"
      }
    },
    "node_modules/projen/node_modules/is-glob": {
      "version": "4.0.3",
      "dev": true,
      "inBundle": true,
      "license": "MIT",
      "dependencies": {
        "is-extglob": "^2.1.1"
      },
      "engines": {
        "node": ">=0.10.0"
      }
    },
    "node_modules/projen/node_modules/is-number": {
      "version": "7.0.0",
      "dev": true,
      "inBundle": true,
      "license": "MIT",
      "engines": {
        "node": ">=0.12.0"
      }
    },
    "node_modules/projen/node_modules/isexe": {
      "version": "2.0.0",
      "dev": true,
      "inBundle": true,
      "license": "ISC"
    },
    "node_modules/projen/node_modules/js-yaml": {
      "version": "4.1.1",
      "dev": true,
      "inBundle": true,
      "license": "MIT",
      "dependencies": {
        "argparse": "^2.0.1"
      },
      "bin": {
        "js-yaml": "bin/js-yaml.js"
      }
    },
    "node_modules/projen/node_modules/json-parse-even-better-errors": {
      "version": "4.0.0",
      "dev": true,
      "inBundle": true,
      "license": "MIT",
      "engines": {
        "node": "^18.17.0 || >=20.5.0"
      }
    },
    "node_modules/projen/node_modules/just-diff": {
      "version": "6.0.2",
      "dev": true,
      "inBundle": true,
      "license": "MIT"
    },
    "node_modules/projen/node_modules/just-diff-apply": {
      "version": "5.5.0",
      "dev": true,
      "inBundle": true,
      "license": "MIT"
    },
    "node_modules/projen/node_modules/merge2": {
      "version": "1.4.1",
      "dev": true,
      "inBundle": true,
      "license": "MIT",
      "engines": {
        "node": ">= 8"
      }
    },
    "node_modules/projen/node_modules/micromatch": {
      "version": "4.0.8",
      "dev": true,
      "inBundle": true,
      "license": "MIT",
      "dependencies": {
        "braces": "^3.0.3",
        "picomatch": "^2.3.1"
      },
      "engines": {
        "node": ">=8.6"
      }
    },
    "node_modules/projen/node_modules/minimist": {
      "version": "1.2.8",
      "dev": true,
      "inBundle": true,
      "license": "MIT",
      "funding": {
        "url": "https://github.com/sponsors/ljharb"
      }
    },
    "node_modules/projen/node_modules/nice-try": {
      "version": "1.0.5",
      "dev": true,
      "inBundle": true,
      "license": "MIT"
    },
    "node_modules/projen/node_modules/once": {
      "version": "1.4.0",
      "dev": true,
      "inBundle": true,
      "license": "ISC",
      "dependencies": {
        "wrappy": "1"
      }
    },
    "node_modules/projen/node_modules/p-finally": {
      "version": "1.0.0",
      "dev": true,
      "inBundle": true,
      "license": "MIT",
      "engines": {
        "node": ">=4"
      }
    },
    "node_modules/projen/node_modules/parse-conflict-json": {
      "version": "4.0.0",
      "dev": true,
      "inBundle": true,
      "license": "ISC",
      "dependencies": {
        "json-parse-even-better-errors": "^4.0.0",
        "just-diff": "^6.0.0",
        "just-diff-apply": "^5.2.0"
      },
      "engines": {
        "node": "^18.17.0 || >=20.5.0"
      }
    },
    "node_modules/projen/node_modules/path-parse": {
      "version": "1.0.7",
      "dev": true,
      "inBundle": true,
      "license": "MIT"
    },
    "node_modules/projen/node_modules/picomatch": {
      "version": "2.3.2",
      "dev": true,
      "inBundle": true,
      "license": "MIT",
      "engines": {
        "node": ">=8.6"
      },
      "funding": {
        "url": "https://github.com/sponsors/jonschlinkert"
      }
    },
    "node_modules/projen/node_modules/pump": {
      "version": "3.0.3",
      "dev": true,
      "inBundle": true,
      "license": "MIT",
      "dependencies": {
        "end-of-stream": "^1.1.0",
        "once": "^1.3.1"
      }
    },
    "node_modules/projen/node_modules/queue-microtask": {
      "version": "1.2.3",
      "dev": true,
      "funding": [
        {
          "type": "github",
          "url": "https://github.com/sponsors/feross"
        },
        {
          "type": "patreon",
          "url": "https://www.patreon.com/feross"
        },
        {
          "type": "consulting",
          "url": "https://feross.org/support"
        }
      ],
      "inBundle": true,
      "license": "MIT"
    },
    "node_modules/projen/node_modules/rechoir": {
      "version": "0.6.2",
      "dev": true,
      "inBundle": true,
      "dependencies": {
        "resolve": "^1.1.6"
      },
      "engines": {
        "node": ">= 0.10"
      }
    },
    "node_modules/projen/node_modules/repeat-string": {
      "version": "1.6.1",
      "dev": true,
      "inBundle": true,
      "license": "MIT",
      "engines": {
        "node": ">=0.10"
      }
    },
    "node_modules/projen/node_modules/require-directory": {
      "version": "2.1.1",
      "dev": true,
      "inBundle": true,
      "license": "MIT",
      "engines": {
        "node": ">=0.10.0"
      }
    },
    "node_modules/projen/node_modules/resolve": {
      "version": "1.22.11",
      "dev": true,
      "inBundle": true,
      "license": "MIT",
      "dependencies": {
        "is-core-module": "^2.16.1",
        "path-parse": "^1.0.7",
        "supports-preserve-symlinks-flag": "^1.0.0"
      },
      "bin": {
        "resolve": "bin/resolve"
      },
      "engines": {
        "node": ">= 0.4"
      },
      "funding": {
        "url": "https://github.com/sponsors/ljharb"
      }
    },
    "node_modules/projen/node_modules/reusify": {
      "version": "1.1.0",
      "dev": true,
      "inBundle": true,
      "license": "MIT",
      "engines": {
        "iojs": ">=1.0.0",
        "node": ">=0.10.0"
      }
    },
    "node_modules/projen/node_modules/run-parallel": {
      "version": "1.2.0",
      "dev": true,
      "funding": [
        {
          "type": "github",
          "url": "https://github.com/sponsors/feross"
        },
        {
          "type": "patreon",
          "url": "https://www.patreon.com/feross"
        },
        {
          "type": "consulting",
          "url": "https://feross.org/support"
        }
      ],
      "inBundle": true,
      "license": "MIT",
      "dependencies": {
        "queue-microtask": "^1.2.2"
      }
    },
    "node_modules/projen/node_modules/semver": {
      "version": "7.8.0",
      "dev": true,
      "inBundle": true,
      "license": "ISC",
      "bin": {
        "semver": "bin/semver.js"
      },
      "engines": {
        "node": ">=10"
      }
    },
    "node_modules/projen/node_modules/shelljs": {
      "version": "0.9.2",
      "dev": true,
      "inBundle": true,
      "license": "BSD-3-Clause",
      "dependencies": {
        "execa": "^1.0.0",
        "fast-glob": "^3.3.2",
        "interpret": "^1.0.0",
        "rechoir": "^0.6.2"
      },
      "bin": {
        "shjs": "bin/shjs"
      },
      "engines": {
        "node": ">=18"
      }
    },
    "node_modules/projen/node_modules/shelljs/node_modules/cross-spawn": {
      "version": "6.0.6",
      "dev": true,
      "inBundle": true,
      "license": "MIT",
      "dependencies": {
        "nice-try": "^1.0.4",
        "path-key": "^2.0.1",
        "semver": "^5.5.0",
        "shebang-command": "^1.2.0",
        "which": "^1.2.9"
      },
      "engines": {
        "node": ">=4.8"
      }
    },
    "node_modules/projen/node_modules/shelljs/node_modules/execa": {
      "version": "1.0.0",
      "dev": true,
      "inBundle": true,
      "license": "MIT",
      "dependencies": {
        "cross-spawn": "^6.0.0",
        "get-stream": "^4.0.0",
        "is-stream": "^1.1.0",
        "npm-run-path": "^2.0.0",
        "p-finally": "^1.0.0",
        "signal-exit": "^3.0.0",
        "strip-eof": "^1.0.0"
      },
      "engines": {
        "node": ">=6"
      }
    },
    "node_modules/projen/node_modules/shelljs/node_modules/get-stream": {
      "version": "4.1.0",
      "dev": true,
      "inBundle": true,
      "license": "MIT",
      "dependencies": {
        "pump": "^3.0.0"
      },
      "engines": {
        "node": ">=6"
      }
    },
    "node_modules/projen/node_modules/shelljs/node_modules/is-stream": {
      "version": "1.1.0",
      "dev": true,
      "inBundle": true,
      "license": "MIT",
      "engines": {
        "node": ">=0.10.0"
      }
    },
    "node_modules/projen/node_modules/shelljs/node_modules/npm-run-path": {
      "version": "2.0.2",
      "dev": true,
      "inBundle": true,
      "license": "MIT",
      "dependencies": {
        "path-key": "^2.0.0"
      },
      "engines": {
        "node": ">=4"
      }
    },
    "node_modules/projen/node_modules/shelljs/node_modules/path-key": {
      "version": "2.0.1",
      "dev": true,
      "inBundle": true,
      "license": "MIT",
      "engines": {
        "node": ">=4"
      }
    },
    "node_modules/projen/node_modules/shelljs/node_modules/semver": {
      "version": "5.7.2",
      "dev": true,
      "inBundle": true,
      "license": "ISC",
      "bin": {
        "semver": "bin/semver"
      }
    },
    "node_modules/projen/node_modules/shelljs/node_modules/shebang-command": {
      "version": "1.2.0",
      "dev": true,
      "inBundle": true,
      "license": "MIT",
      "dependencies": {
        "shebang-regex": "^1.0.0"
      },
      "engines": {
        "node": ">=0.10.0"
      }
    },
    "node_modules/projen/node_modules/shelljs/node_modules/shebang-regex": {
      "version": "1.0.0",
      "dev": true,
      "inBundle": true,
      "license": "MIT",
      "engines": {
        "node": ">=0.10.0"
      }
    },
    "node_modules/projen/node_modules/shelljs/node_modules/which": {
      "version": "1.3.1",
      "dev": true,
      "inBundle": true,
      "license": "ISC",
      "dependencies": {
        "isexe": "^2.0.0"
      },
      "bin": {
        "which": "bin/which"
      }
    },
    "node_modules/projen/node_modules/shx": {
      "version": "0.4.0",
      "dev": true,
      "inBundle": true,
      "license": "MIT",
      "dependencies": {
        "minimist": "^1.2.8",
        "shelljs": "^0.9.2"
      },
      "bin": {
        "shx": "lib/cli.js"
      },
      "engines": {
        "node": ">=18"
      }
    },
    "node_modules/projen/node_modules/signal-exit": {
      "version": "3.0.7",
      "dev": true,
      "inBundle": true,
      "license": "ISC"
    },
    "node_modules/projen/node_modules/string-width": {
      "version": "4.2.3",
      "dev": true,
      "inBundle": true,
      "license": "MIT",
      "dependencies": {
        "emoji-regex": "^8.0.0",
        "is-fullwidth-code-point": "^3.0.0",
        "strip-ansi": "^6.0.1"
      },
      "engines": {
        "node": ">=8"
      }
    },
    "node_modules/projen/node_modules/strip-ansi": {
      "version": "6.0.1",
      "dev": true,
      "inBundle": true,
      "license": "MIT",
      "dependencies": {
        "ansi-regex": "^5.0.1"
      },
      "engines": {
        "node": ">=8"
      }
    },
    "node_modules/projen/node_modules/strip-eof": {
      "version": "1.0.0",
      "dev": true,
      "inBundle": true,
      "license": "MIT",
      "engines": {
        "node": ">=0.10.0"
      }
    },
    "node_modules/projen/node_modules/supports-color": {
      "version": "7.2.0",
      "dev": true,
      "inBundle": true,
      "license": "MIT",
      "dependencies": {
        "has-flag": "^4.0.0"
      },
      "engines": {
        "node": ">=8"
      }
    },
    "node_modules/projen/node_modules/supports-preserve-symlinks-flag": {
      "version": "1.0.0",
      "dev": true,
      "inBundle": true,
      "license": "MIT",
      "engines": {
        "node": ">= 0.4"
      },
      "funding": {
        "url": "https://github.com/sponsors/ljharb"
      }
    },
    "node_modules/projen/node_modules/to-regex-range": {
      "version": "5.0.1",
      "dev": true,
      "inBundle": true,
      "license": "MIT",
      "dependencies": {
        "is-number": "^7.0.0"
      },
      "engines": {
        "node": ">=8.0"
      }
    },
    "node_modules/projen/node_modules/wrap-ansi": {
      "version": "7.0.0",
      "dev": true,
      "inBundle": true,
      "license": "MIT",
      "dependencies": {
        "ansi-styles": "^4.0.0",
        "string-width": "^4.1.0",
        "strip-ansi": "^6.0.0"
      },
      "engines": {
        "node": ">=10"
      },
      "funding": {
        "url": "https://github.com/chalk/wrap-ansi?sponsor=1"
      }
    },
    "node_modules/projen/node_modules/wrappy": {
      "version": "1.0.2",
      "dev": true,
      "inBundle": true,
      "license": "ISC"
    },
    "node_modules/projen/node_modules/xmlbuilder2": {
      "version": "4.0.3",
      "dev": true,
      "inBundle": true,
      "license": "MIT",
      "dependencies": {
        "@oozcitak/dom": "^2.0.2",
        "@oozcitak/infra": "^2.0.2",
        "@oozcitak/util": "^10.0.0",
        "js-yaml": "^4.1.1"
      },
      "engines": {
        "node": ">=20.0"
      }
    },
    "node_modules/projen/node_modules/y18n": {
      "version": "5.0.8",
      "dev": true,
      "inBundle": true,
      "license": "ISC",
      "engines": {
        "node": ">=10"
      }
    },
    "node_modules/projen/node_modules/yaml": {
      "version": "2.9.0",
      "dev": true,
      "inBundle": true,
      "license": "ISC",
      "bin": {
        "yaml": "bin.mjs"
      },
      "engines": {
        "node": ">= 14.6"
      },
      "funding": {
        "url": "https://github.com/sponsors/eemeli"
      }
    },
    "node_modules/projen/node_modules/yargs": {
      "version": "17.7.2",
      "dev": true,
      "inBundle": true,
      "license": "MIT",
      "dependencies": {
        "cliui": "^8.0.1",
        "escalade": "^3.1.1",
        "get-caller-file": "^2.0.5",
        "require-directory": "^2.1.1",
        "string-width": "^4.2.3",
        "y18n": "^5.0.5",
        "yargs-parser": "^21.1.1"
      },
      "engines": {
        "node": ">=12"
      }
    },
    "node_modules/projen/node_modules/yargs/node_modules/yargs-parser": {
      "version": "21.1.1",
      "dev": true,
      "inBundle": true,
      "license": "ISC",
      "engines": {
        "node": ">=12"
      }
    },
    "node_modules/ts-node": {
      "version": "10.9.2",
      "resolved": "https://registry.npmjs.org/ts-node/-/ts-node-10.9.2.tgz",
      "integrity": "sha512-f0FFpIdcHgn8zcPSbf1dRevwt047YMnaiJM3u2w2RewrB+fob/zePZcrOyQoLMMO7aBIddLcQIEK5dYjkLnGrQ==",
      "dev": true,
      "license": "MIT",
      "dependencies": {
        "@cspotcode/source-map-support": "^0.8.0",
        "@tsconfig/node10": "^1.0.7",
        "@tsconfig/node12": "^1.0.7",
        "@tsconfig/node14": "^1.0.0",
        "@tsconfig/node16": "^1.0.2",
        "acorn": "^8.4.1",
        "acorn-walk": "^8.1.1",
        "arg": "^4.1.0",
        "create-require": "^1.1.0",
        "diff": "^4.0.1",
        "make-error": "^1.1.1",
        "v8-compile-cache-lib": "^3.0.1",
        "yn": "3.1.1"
      },
      "bin": {
        "ts-node": "dist/bin.js",
        "ts-node-cwd": "dist/bin-cwd.js",
        "ts-node-esm": "dist/bin-esm.js",
        "ts-node-script": "dist/bin-script.js",
        "ts-node-transpile-only": "dist/bin-transpile.js",
        "ts-script": "dist/bin-script-deprecated.js"
      },
      "peerDependencies": {
        "@swc/core": ">=1.2.50",
        "@swc/wasm": ">=1.2.50",
        "@types/node": "*",
        "typescript": ">=2.7"
      },
      "peerDependenciesMeta": {
        "@swc/core": {
          "optional": true
        },
        "@swc/wasm": {
          "optional": true
        }
      }
    },
    "node_modules/typescript": {
      "version": "6.0.3",
      "resolved": "https://registry.npmjs.org/typescript/-/typescript-6.0.3.tgz",
      "integrity": "sha512-y2TvuxSZPDyQakkFRPZHKFm+KKVqIisdg9/CZwm9ftvKXLP8NRWj38/ODjNbr43SsoXqNuAisEf1GdCxqWcdBw==",
      "dev": true,
      "license": "Apache-2.0",
      "bin": {
        "tsc": "bin/tsc",
        "tsserver": "bin/tsserver"
      },
      "engines": {
        "node": ">=14.17"
      }
    },
    "node_modules/v8-compile-cache-lib": {
      "version": "3.0.1",
      "resolved": "https://registry.npmjs.org/v8-compile-cache-lib/-/v8-compile-cache-lib-3.0.1.tgz",
      "integrity": "sha512-wa7YjyUGfNZngI/vtK0UHAN+lgDCxBPCylVXGp0zu59Fz5aiGtNXaq3DhIov063MorB+VfufLh3JlF2KdTK3xg==",
      "dev": true,
      "license": "MIT"
    },
    "node_modules/yn": {
      "version": "3.1.1",
      "resolved": "https://registry.npmjs.org/yn/-/yn-3.1.1.tgz",
      "integrity": "sha512-Ux4ygGWsu2c7isFWe8Yu1YluJmqVhxqK2cLXNQA5AcC3QfbGNpM7fu0Y8b/z16pXLnFxZYvWhd3fhBY9DLmC6Q==",
      "dev": true,
      "license": "MIT",
      "engines": {
        "node": ">=6"
      }
    }
  }
}
